# THIS IS AN AUTOGENERATED FILE. DO NOT EDIT THIS FILE DIRECTLY.
# yarn lockfile v1


badger.js@^2.0.3:
  version "2.0.3"
  resolved "https://registry.yarnpkg.com/badger.js/-/badger.js-2.0.3.tgz#0b57a115c9cadc497e6ad126aa89e0e1a331505d"
  dependencies:
    font-awesome "^4.7.0"
    w3-css "^2.9.9"

font-awesome@^4.7.0:
  version "4.7.0"
  resolved "https://registry.yarnpkg.com/font-awesome/-/font-awesome-4.7.0.tgz#8fa8cf0411a1a31afd07b06d2902bb9fc815a133"

fs-extra@^4.0.2:
  version "4.0.2"
  resolved "https://registry.yarnpkg.com/fs-extra/-/fs-extra-4.0.2.tgz#f91704c53d1b461f893452b0c307d9997647ab6b"
  dependencies:
    graceful-fs "^4.1.2"
    jsonfile "^4.0.0"
    universalify "^0.1.0"

graceful-fs@^4.1.2, graceful-fs@^4.1.6:
  version "4.1.11"
  resolved "https://registry.yarnpkg.com/graceful-fs/-/graceful-fs-4.1.11.tgz#0e8bdfe4d1ddb8854d64e04ea7c00e2a026e5658"

jquery@^3.2.1:
  version "3.2.1"
  resolved "https://registry.yarnpkg.com/jquery/-/jquery-3.2.1.tgz#5c4d9de652af6cd0a770154a631bba12b015c787"

jsonfile@^4.0.0:
  version "4.0.0"
  resolved "https://registry.yarnpkg.com/jsonfile/-/jsonfile-4.0.0.tgz#8771aae0799b64076b76640fca058f9c10e33ecb"
  optionalDependencies:
    graceful-fs "^4.1.6"

universalify@^0.1.0:
  version "0.1.1"
  resolved "https://registry.yarnpkg.com/universalify/-/universalify-0.1.1.tgz#fa71badd4437af4c148841e3b3b165f9e9e590b7"

w3-css@^2.9.9:
  version "2.9.9"
  resolved "https://registry.yarnpkg.com/w3-css/-/w3-css-2.9.9.tgz#f43ff827b1f4b44553b9452ffaf58cc3a198301c"

w3-css@^4.0.4:
  version "4.0.4"
  resolved "https://registry.yarnpkg.com/w3-css/-/w3-css-4.0.4.tgz#2e4eeb36dc04de387dbd3bc8236ee0592cadfe86"
